
Microsoft Visual Studio Solution File, Format Version 12.00
# Visual Studio Version 17
VisualStudioVersion = 17.6.33723.286
MinimumVisualStudioVersion = 10.0.40219.1
Project("{9A19103F-16F7-4668-BE54-9A1E7A4F7556}") = "AutoPartsShop.Web", "AutoPartsShop.Web\AutoPartsShop.Web.csproj", "{728C8488-78C7-4EE0-9319-A286184E7327}"
EndProject
Project("{9A19103F-16F7-4668-BE54-9A1E7A4F7556}") = "AutoPartsShop.Common", "AutoPartsShop.Common\AutoPartsShop.Common.csproj", "{66725BC7-C5A4-473D-B62A-A2F63102D535}"
EndProject
Project("{2150E333-8FDC-42A3-9474-1A3956D46DE8}") = "Web", "Web", "{7C22BAF5-7607-49F5-A9F6-C78B1779270A}"
EndProject
Project("{9A19103F-16F7-4668-BE54-9A1E7A4F7556}") = "AutoPartsShop.Web.ViewModels", "AutoPartsShop.Web.ViewModels\AutoPartsShop.Web.ViewModels.csproj", "{8C819035-204C-437A-AC7D-EC97E4BEAAB3}"
EndProject
Project("{2150E333-8FDC-42A3-9474-1A3956D46DE8}") = "Data", "Data", "{8225CD46-48C0-4DF5-A2D5-BFB0B0FCBD36}"
EndProject
Project("{9A19103F-16F7-4668-BE54-9A1E7A4F7556}") = "AutoPartsShop.Data", "AutoPartsShop.Data\AutoPartsShop.Data.csproj", "{D7C721D8-A263-45A9-BEFD-D31D89ABA1DF}"
EndProject
Project("{9A19103F-16F7-4668-BE54-9A1E7A4F7556}") = "AutoPartsShop.Data.Models", "AutoPartsShop.Data.Models\AutoPartsShop.Data.Models.csproj", "{790D32B6-A219-4F88-AD73-99B3D807A1A3}"
EndProject
Project("{2150E333-8FDC-42A3-9474-1A3956D46DE8}") = "Services", "Services", "{7A8D99D0-16FE-4281-A5F1-B3E072785535}"
EndProject
Project("{FAE04EC0-301F-11D3-BF4B-00C04F79EFBC}") = "AutoPartsShop.Services.Data", "AutoPartsShop.Services.Data\AutoPartsShop.Services.Data.csproj", "{622E04CB-2ACF-4C12-9EBB-E95657A21513}"
EndProject
Project("{FAE04EC0-301F-11D3-BF4B-00C04F79EFBC}") = "AutoPartsShop.Web.Infrastructure", "AutoPartsShop.Web.Infrastructure\AutoPartsShop.Web.Infrastructure.csproj", "{1B1E0CE3-FEBF-4F6C-B8F5-62C201188E0B}"
EndProject
Global
	GlobalSection(SolutionConfigurationPlatforms) = preSolution
		Debug|Any CPU = Debug|Any CPU
		Release|Any CPU = Release|Any CPU
	EndGlobalSection
	GlobalSection(ProjectConfigurationPlatforms) = postSolution
		{728C8488-78C7-4EE0-9319-A286184E7327}.Debug|Any CPU.ActiveCfg = Debug|Any CPU
		{728C8488-78C7-4EE0-9319-A286184E7327}.Debug|Any CPU.Build.0 = Debug|Any CPU
		{728C8488-78C7-4EE0-9319-A286184E7327}.Release|Any CPU.ActiveCfg = Release|Any CPU
		{728C8488-78C7-4EE0-9319-A286184E7327}.Release|Any CPU.Build.0 = Release|Any CPU
		{66725BC7-C5A4-473D-B62A-A2F63102D535}.Debug|Any CPU.ActiveCfg = Debug|Any CPU
		{66725BC7-C5A4-473D-B62A-A2F63102D535}.Debug|Any CPU.Build.0 = Debug|Any CPU
		{66725BC7-C5A4-473D-B62A-A2F63102D535}.Release|Any CPU.ActiveCfg = Release|Any CPU
		{66725BC7-C5A4-473D-B62A-A2F63102D535}.Release|Any CPU.Build.0 = Release|Any CPU
		{8C819035-204C-437A-AC7D-EC97E4BEAAB3}.Debug|Any CPU.ActiveCfg = Debug|Any CPU
		{8C819035-204C-437A-AC7D-EC97E4BEAAB3}.Debug|Any CPU.Build.0 = Debug|Any CPU
		{8C819035-204C-437A-AC7D-EC97E4BEAAB3}.Release|Any CPU.ActiveCfg = Release|Any CPU
		{8C819035-204C-437A-AC7D-EC97E4BEAAB3}.Release|Any CPU.Build.0 = Release|Any CPU
		{D7C721D8-A263-45A9-BEFD-D31D89ABA1DF}.Debug|Any CPU.ActiveCfg = Debug|Any CPU
		{D7C721D8-A263-45A9-BEFD-D31D89ABA1DF}.Debug|Any CPU.Build.0 = Debug|Any CPU
		{D7C721D8-A263-45A9-BEFD-D31D89ABA1DF}.Release|Any CPU.ActiveCfg = Release|Any CPU
		{D7C721D8-A263-45A9-BEFD-D31D89ABA1DF}.Release|Any CPU.Build.0 = Release|Any CPU
		{790D32B6-A219-4F88-AD73-99B3D807A1A3}.Debug|Any CPU.ActiveCfg = Debug|Any CPU
		{790D32B6-A219-4F88-AD73-99B3D807A1A3}.Debug|Any CPU.Build.0 = Debug|Any CPU
		{790D32B6-A219-4F88-AD73-99B3D807A1A3}.Release|Any CPU.ActiveCfg = Release|Any CPU
		{790D32B6-A219-4F88-AD73-99B3D807A1A3}.Release|Any CPU.Build.0 = Release|Any CPU
		{622E04CB-2ACF-4C12-9EBB-E95657A21513}.Debug|Any CPU.ActiveCfg = Debug|Any CPU
		{622E04CB-2ACF-4C12-9EBB-E95657A21513}.Debug|Any CPU.Build.0 = Debug|Any CPU
		{622E04CB-2ACF-4C12-9EBB-E95657A21513}.Release|Any CPU.ActiveCfg = Release|Any CPU
		{622E04CB-2ACF-4C12-9EBB-E95657A21513}.Release|Any CPU.Build.0 = Release|Any CPU
		{1B1E0CE3-FEBF-4F6C-B8F5-62C201188E0B}.Debug|Any CPU.ActiveCfg = Debug|Any CPU
		{1B1E0CE3-FEBF-4F6C-B8F5-62C201188E0B}.Debug|Any CPU.Build.0 = Debug|Any CPU
		{1B1E0CE3-FEBF-4F6C-B8F5-62C201188E0B}.Release|Any CPU.ActiveCfg = Release|Any CPU
		{1B1E0CE3-FEBF-4F6C-B8F5-62C201188E0B}.Release|Any CPU.Build.0 = Release|Any CPU
	EndGlobalSection
	GlobalSection(SolutionProperties) = preSolution
		HideSolutionNode = FALSE
	EndGlobalSection
	GlobalSection(NestedProjects) = preSolution
		{728C8488-78C7-4EE0-9319-A286184E7327} = {7C22BAF5-7607-49F5-A9F6-C78B1779270A}
		{8C819035-204C-437A-AC7D-EC97E4BEAAB3} = {7C22BAF5-7607-49F5-A9F6-C78B1779270A}
		{D7C721D8-A263-45A9-BEFD-D31D89ABA1DF} = {8225CD46-48C0-4DF5-A2D5-BFB0B0FCBD36}
		{790D32B6-A219-4F88-AD73-99B3D807A1A3} = {8225CD46-48C0-4DF5-A2D5-BFB0B0FCBD36}
		{622E04CB-2ACF-4C12-9EBB-E95657A21513} = {7A8D99D0-16FE-4281-A5F1-B3E072785535}
		{1B1E0CE3-FEBF-4F6C-B8F5-62C201188E0B} = {7C22BAF5-7607-49F5-A9F6-C78B1779270A}
	EndGlobalSection
	GlobalSection(ExtensibilityGlobals) = postSolution
		SolutionGuid = {C15B84BF-FBD6-4B11-AE52-6B8FEA8E9459}
	EndGlobalSection
EndGlobal
